
Microsoft Visual Studio Solution File, Format Version 12.00
# Visual Studio Version 16
VisualStudioVersion = 16.0.29009.5
MinimumVisualStudioVersion = 10.0.40219.1
Project("{9A19103F-16F7-4668-BE54-9A1E7A4F7556}") = "NumberIntoWords", "NumberIntoWords.csproj", "{DB70851F-3BF4-4461-9992-D83C4CEE713B}"
EndProject
Global
	GlobalSection(SolutionConfigurationPlatforms) = preSolution
		Debug|Any CPU = Debug|Any CPU
		Release|Any CPU = Release|Any CPU
	EndGlobalSection
	GlobalSection(ProjectConfigurationPlatforms) = postSolution
		{DB70851F-3BF4-4461-9992-D83C4CEE713B}.Debug|Any CPU.ActiveCfg = Debug|Any CPU
		{DB70851F-3BF4-4461-9992-D83C4CEE713B}.Debug|Any CPU.Build.0 = Debug|Any CPU
		{DB70851F-3BF4-4461-9992-D83C4CEE713B}.Release|Any CPU.ActiveCfg = Release|Any CPU
		{DB70851F-3BF4-4461-9992-D83C4CEE713B}.Release|Any CPU.Build.0 = Release|Any CPU
	EndGlobalSection
	GlobalSection(SolutionProperties) = preSolution
		HideSolutionNode = FALSE
	EndGlobalSection
	GlobalSection(ExtensibilityGlobals) = postSolution
		SolutionGuid = {533C5E3A-95B5-4441-91ED-0EA136F87DFA}
	EndGlobalSection
EndGlobal
